
Microsoft Visual Studio Solution File, Format Version 12.00
# Visual Studio Version 16
VisualStudioVersion = 16.0.32510.428
MinimumVisualStudioVersion = 10.0.40219.1
Project("{9A19103F-16F7-4668-BE54-9A1E7A4F7556}") = "BlazorBitcoinApp", "BlazorBitconApp\BlazorBitcoinApp.csproj", "{1F142060-2C2F-41B3-9655-1FA7F56D5EB0}"
EndProject
Global
	GlobalSection(SolutionConfigurationPlatforms) = preSolution
		Debug|Any CPU = Debug|Any CPU
		Release|Any CPU = Release|Any CPU
	EndGlobalSection
	GlobalSection(ProjectConfigurationPlatforms) = postSolution
		{1F142060-2C2F-41B3-9655-1FA7F56D5EB0}.Debug|Any CPU.ActiveCfg = Debug|Any CPU
		{1F142060-2C2F-41B3-9655-1FA7F56D5EB0}.Debug|Any CPU.Build.0 = Debug|Any CPU
		{1F142060-2C2F-41B3-9655-1FA7F56D5EB0}.Release|Any CPU.ActiveCfg = Release|Any CPU
		{1F142060-2C2F-41B3-9655-1FA7F56D5EB0}.Release|Any CPU.Build.0 = Release|Any CPU
	EndGlobalSection
	GlobalSection(SolutionProperties) = preSolution
		HideSolutionNode = FALSE
	EndGlobalSection
	GlobalSection(ExtensibilityGlobals) = postSolution
		SolutionGuid = {D6C82A02-39CA-4B17-A971-A19DCF45ADF8}
	EndGlobalSection
EndGlobal
